
Microsoft Visual Studio Solution File, Format Version 12.00
# Visual Studio Version 16
VisualStudioVersion = 16.0.30907.101
MinimumVisualStudioVersion = 10.0.40219.1
Project("{FAE04EC0-301F-11D3-BF4B-00C04F79EFBC}") = "podcastination-importer", "podcastination-importer\podcastination-importer.csproj", "{F6B86378-A883-4EFE-ACFF-507BA1283488}"
EndProject
Global
	GlobalSection(SolutionConfigurationPlatforms) = preSolution
		Debug|Any CPU = Debug|Any CPU
		Release|Any CPU = Release|Any CPU
	EndGlobalSection
	GlobalSection(ProjectConfigurationPlatforms) = postSolution
		{F6B86378-A883-4EFE-ACFF-507BA1283488}.Debug|Any CPU.ActiveCfg = Debug|Any CPU
		{F6B86378-A883-4EFE-ACFF-507BA1283488}.Debug|Any CPU.Build.0 = Debug|Any CPU
		{F6B86378-A883-4EFE-ACFF-507BA1283488}.Release|Any CPU.ActiveCfg = Release|Any CPU
		{F6B86378-A883-4EFE-ACFF-507BA1283488}.Release|Any CPU.Build.0 = Release|Any CPU
	EndGlobalSection
	GlobalSection(SolutionProperties) = preSolution
		HideSolutionNode = FALSE
	EndGlobalSection
	GlobalSection(ExtensibilityGlobals) = postSolution
		SolutionGuid = {60490E09-474A-4C46-B114-D78EE7E40865}
	EndGlobalSection
EndGlobal
